// !$*UTF8*$!
{
	archiveVersion = 1;
	classes = {
	};
	objectVersion = 46;
	objects = {

/* Begin PBXBuildFile section */
		15154E6E1C311BCD00591866 /* AppDelegate.swift in Sources */ = {isa = PBXBuildFile; fileRef = 15154E6D1C311BCD00591866 /* AppDelegate.swift */; };
		15154E701C311BCD00591866 /* ViewController.swift in Sources */ = {isa = PBXBuildFile; fileRef = 15154E6F1C311BCD00591866 /* ViewController.swift */; };
		15154E731C311BCD00591866 /* Main.storyboard in Resources */ = {isa = PBXBuildFile; fileRef = 15154E711C311BCD00591866 /* Main.storyboard */; };
		15154E761C311BCD00591866 /* SwiftyCustomFonts.xcdatamodeld in Sources */ = {isa = PBXBuildFile; fileRef = 15154E741C311BCD00591866 /* SwiftyCustomFonts.xcdatamodeld */; };
		15154E781C311BCD00591866 /* Assets.xcassets in Resources */ = {isa = PBXBuildFile; fileRef = 15154E771C311BCD00591866 /* Assets.xcassets */; };
		15154E7B1C311BCD00591866 /* LaunchScreen.storyboard in Resources */ = {isa = PBXBuildFile; fileRef = 15154E791C311BCD00591866 /* LaunchScreen.storyboard */; };
		15154E861C311BCD00591866 /* SwiftyCustomFontsTests.swift in Sources */ = {isa = PBXBuildFile; fileRef = 15154E851C311BCD00591866 /* SwiftyCustomFontsTests.swift */; };
		15154E911C311BCD00591866 /* SwiftyCustomFontsUITests.swift in Sources */ = {isa = PBXBuildFile; fileRef = 15154E901C311BCD00591866 /* SwiftyCustomFontsUITests.swift */; };
		15154EA91C311BF300591866 /* OpenSans-BoldItalic.ttf in Resources */ = {isa = PBXBuildFile; fileRef = 15154E9F1C311BF300591866 /* OpenSans-BoldItalic.ttf */; };
		15154EAA1C311BF300591866 /* OpenSans-ExtraBold.ttf in Resources */ = {isa = PBXBuildFile; fileRef = 15154EA01C311BF300591866 /* OpenSans-ExtraBold.ttf */; };
		15154EAB1C311BF300591866 /* OpenSans-ExtraBoldItalic.ttf in Resources */ = {isa = PBXBuildFile; fileRef = 15154EA11C311BF300591866 /* OpenSans-ExtraBoldItalic.ttf */; };
		15154EAC1C311BF300591866 /* OpenSans-Italic.ttf in Resources */ = {isa = PBXBuildFile; fileRef = 15154EA21C311BF300591866 /* OpenSans-Italic.ttf */; };
		15154EAD1C311BF300591866 /* OpenSans-Light.ttf in Resources */ = {isa = PBXBuildFile; fileRef = 15154EA31C311BF300591866 /* OpenSans-Light.ttf */; };
		15154EAE1C311BF300591866 /* OpenSans-LightItalic.ttf in Resources */ = {isa = PBXBuildFile; fileRef = 15154EA41C311BF300591866 /* OpenSans-LightItalic.ttf */; };
		15154EAF1C311BF300591866 /* OpenSans-Semibold.ttf in Resources */ = {isa = PBXBuildFile; fileRef = 15154EA51C311BF300591866 /* OpenSans-Semibold.ttf */; };
		15154EB01C311BF300591866 /* OpenSans-SemiboldItalic.ttf in Resources */ = {isa = PBXBuildFile; fileRef = 15154EA61C311BF300591866 /* OpenSans-SemiboldItalic.ttf */; };
		15154EB11C311BF300591866 /* OpenSans-Bold.ttf in Resources */ = {isa = PBXBuildFile; fileRef = 15154EA71C311BF300591866 /* OpenSans-Bold.ttf */; };
		15154EB21C311BF300591866 /* OpenSans-Regular.ttf in Resources */ = {isa = PBXBuildFile; fileRef = 15154EA81C311BF300591866 /* OpenSans-Regular.ttf */; };
/* End PBXBuildFile section */

/* Begin PBXContainerItemProxy section */
		15154E821C311BCD00591866 /* PBXContainerItemProxy */ = {
			isa = PBXContainerItemProxy;
			containerPortal = 15154E621C311BCD00591866 /* Project object */;
			proxyType = 1;
			remoteGlobalIDString = 15154E691C311BCD00591866;
			remoteInfo = SwiftyCustomFonts;
		};
		15154E8D1C311BCD00591866 /* PBXContainerItemProxy */ = {
			isa = PBXContainerItemProxy;
			containerPortal = 15154E621C311BCD00591866 /* Project object */;
			proxyType = 1;
			remoteGlobalIDString = 15154E691C311BCD00591866;
			remoteInfo = SwiftyCustomFonts;
		};
/* End PBXContainerItemProxy section */

/* Begin PBXFileReference section */
		15154E6A1C311BCD00591866 /* SwiftyCustomFonts.app */ = {isa = PBXFileReference; explicitFileType = wrapper.application; includeInIndex = 0; path = SwiftyCustomFonts.app; sourceTree = BUILT_PRODUCTS_DIR; };
		15154E6D1C311BCD00591866 /* AppDelegate.swift */ = {isa = PBXFileReference; lastKnownFileType = sourcecode.swift; path = AppDelegate.swift; sourceTree = "<group>"; };
		15154E6F1C311BCD00591866 /* ViewController.swift */ = {isa = PBXFileReference; lastKnownFileType = sourcecode.swift; path = ViewController.swift; sourceTree = "<group>"; };
		15154E721C311BCD00591866 /* Base */ = {isa = PBXFileReference; lastKnownFileType = file.storyboard; name = Base; path = Base.lproj/Main.storyboard; sourceTree = "<group>"; };
		15154E751C311BCD00591866 /* SwiftyCustomFonts.xcdatamodel */ = {isa = PBXFileReference; lastKnownFileType = wrapper.xcdatamodel; path = SwiftyCustomFonts.xcdatamodel; sourceTree = "<group>"; };
		15154E771C311BCD00591866 /* Assets.xcassets */ = {isa = PBXFileReference; lastKnownFileType = folder.assetcatalog; path = Assets.xcassets; sourceTree = "<group>"; };
		15154E7A1C311BCD00591866 /* Base */ = {isa = PBXFileReference; lastKnownFileType = file.storyboard; name = Base; path = Base.lproj/LaunchScreen.storyboard; sourceTree = "<group>"; };
		15154E7C1C311BCD00591866 /* Info.plist */ = {isa = PBXFileReference; lastKnownFileType = text.plist.xml; path = Info.plist; sourceTree = "<group>"; };
		15154E811C311BCD00591866 /* SwiftyCustomFontsTests.xctest */ = {isa = PBXFileReference; explicitFileType = wrapper.cfbundle; includeInIndex = 0; path = SwiftyCustomFontsTests.xctest; sourceTree = BUILT_PRODUCTS_DIR; };
		15154E851C311BCD00591866 /* SwiftyCustomFontsTests.swift */ = {isa = PBXFileReference; lastKnownFileType = sourcecode.swift; path = SwiftyCustomFontsTests.swift; sourceTree = "<group>"; };
		15154E871C311BCD00591866 /* Info.plist */ = {isa = PBXFileReference; lastKnownFileType = text.plist.xml; path = Info.plist; sourceTree = "<group>"; };
		15154E8C1C311BCD00591866 /* SwiftyCustomFontsUITests.xctest */ = {isa = PBXFileReference; explicitFileType = wrapper.cfbundle; includeInIndex = 0; path = SwiftyCustomFontsUITests.xctest; sourceTree = BUILT_PRODUCTS_DIR; };
		15154E901C311BCD00591866 /* SwiftyCustomFontsUITests.swift */ = {isa = PBXFileReference; lastKnownFileType = sourcecode.swift; path = SwiftyCustomFontsUITests.swift; sourceTree = "<group>"; };
		15154E921C311BCD00591866 /* Info.plist */ = {isa = PBXFileReference; lastKnownFileType = text.plist.xml; path = Info.plist; sourceTree = "<group>"; };
		15154E9F1C311BF300591866 /* OpenSans-BoldItalic.ttf */ = {isa = PBXFileReference; lastKnownFileType = file; path = "OpenSans-BoldItalic.ttf"; sourceTree = "<group>"; };
		15154EA01C311BF300591866 /* OpenSans-ExtraBold.ttf */ = {isa = PBXFileReference; lastKnownFileType = file; path = "OpenSans-ExtraBold.ttf"; sourceTree = "<group>"; };
		15154EA11C311BF300591866 /* OpenSans-ExtraBoldItalic.ttf */ = {isa = PBXFileReference; lastKnownFileType = file; path = "OpenSans-ExtraBoldItalic.ttf"; sourceTree = "<group>"; };
		15154EA21C311BF300591866 /* OpenSans-Italic.ttf */ = {isa = PBXFileReference; lastKnownFileType = file; path = "OpenSans-Italic.ttf"; sourceTree = "<group>"; };
		15154EA31C311BF300591866 /* OpenSans-Light.ttf */ = {isa = PBXFileReference; lastKnownFileType = file; path = "OpenSans-Light.ttf"; sourceTree = "<group>"; };
		15154EA41C311BF300591866 /* OpenSans-LightItalic.ttf */ = {isa = PBXFileReference; lastKnownFileType = file; path = "OpenSans-LightItalic.ttf"; sourceTree = "<group>"; };
		15154EA51C311BF300591866 /* OpenSans-Semibold.ttf */ = {isa = PBXFileReference; lastKnownFileType = file; path = "OpenSans-Semibold.ttf"; sourceTree = "<group>"; };
		15154EA61C311BF300591866 /* OpenSans-SemiboldItalic.ttf */ = {isa = PBXFileReference; lastKnownFileType = file; path = "OpenSans-SemiboldItalic.ttf"; sourceTree = "<group>"; };
		15154EA71C311BF300591866 /* OpenSans-Bold.ttf */ = {isa = PBXFileReference; lastKnownFileType = file; path = "OpenSans-Bold.ttf"; sourceTree = "<group>"; };
		15154EA81C311BF300591866 /* OpenSans-Regular.ttf */ = {isa = PBXFileReference; lastKnownFileType = file; path = "OpenSans-Regular.ttf"; sourceTree = "<group>"; };
/* End PBXFileReference section */

/* Begin PBXFrameworksBuildPhase section */
		15154E671C311BCD00591866 /* Frameworks */ = {
			isa = PBXFrameworksBuildPhase;
			buildActionMask = 2147483647;
			files = (
			);
			runOnlyForDeploymentPostprocessing = 0;
		};
		15154E7E1C311BCD00591866 /* Frameworks */ = {
			isa = PBXFrameworksBuildPhase;
			buildActionMask = 2147483647;
			files = (
			);
			runOnlyForDeploymentPostprocessing = 0;
		};
		15154E891C311BCD00591866 /* Frameworks */ = {
			isa = PBXFrameworksBuildPhase;
			buildActionMask = 2147483647;
			files = (
			);
			runOnlyForDeploymentPostprocessing = 0;
		};
/* End PBXFrameworksBuildPhase section */

/* Begin PBXGroup section */
		15154E611C311BCD00591866 = {
			isa = PBXGroup;
			children = (
				15154E6C1C311BCD00591866 /* SwiftyCustomFonts */,
				15154E841C311BCD00591866 /* SwiftyCustomFontsTests */,
				15154E8F1C311BCD00591866 /* SwiftyCustomFontsUITests */,
				15154E6B1C311BCD00591866 /* Products */,
			);
			sourceTree = "<group>";
		};
		15154E6B1C311BCD00591866 /* Products */ = {
			isa = PBXGroup;
			children = (
				15154E6A1C311BCD00591866 /* SwiftyCustomFonts.app */,
				15154E811C311BCD00591866 /* SwiftyCustomFontsTests.xctest */,
				15154E8C1C311BCD00591866 /* SwiftyCustomFontsUITests.xctest */,
			);
			name = Products;
			sourceTree = "<group>";
		};
		15154E6C1C311BCD00591866 /* SwiftyCustomFonts */ = {
			isa = PBXGroup;
			children = (
				15154E9E1C311BD300591866 /* CustomFonts */,
				15154E6D1C311BCD00591866 /* AppDelegate.swift */,
				15154E6F1C311BCD00591866 /* ViewController.swift */,
				15154E711C311BCD00591866 /* Main.storyboard */,
				15154E771C311BCD00591866 /* Assets.xcassets */,
				15154E791C311BCD00591866 /* LaunchScreen.storyboard */,
				15154E7C1C311BCD00591866 /* Info.plist */,
				15154E741C311BCD00591866 /* SwiftyCustomFonts.xcdatamodeld */,
			);
			path = SwiftyCustomFonts;
			sourceTree = "<group>";
		};
		15154E841C311BCD00591866 /* SwiftyCustomFontsTests */ = {
			isa = PBXGroup;
			children = (
				15154E851C311BCD00591866 /* SwiftyCustomFontsTests.swift */,
				15154E871C311BCD00591866 /* Info.plist */,
			);
			path = SwiftyCustomFontsTests;
			sourceTree = "<group>";
		};
		15154E8F1C311BCD00591866 /* SwiftyCustomFontsUITests */ = {
			isa = PBXGroup;
			children = (
				15154E901C311BCD00591866 /* SwiftyCustomFontsUITests.swift */,
				15154E921C311BCD00591866 /* Info.plist */,
			);
			path = SwiftyCustomFontsUITests;
			sourceTree = "<group>";
		};
		15154E9E1C311BD300591866 /* CustomFonts */ = {
			isa = PBXGroup;
			children = (
				15154E9F1C311BF300591866 /* OpenSans-BoldItalic.ttf */,
				15154EA01C311BF300591866 /* OpenSans-ExtraBold.ttf */,
				15154EA11C311BF300591866 /* OpenSans-ExtraBoldItalic.ttf */,
				15154EA21C311BF300591866 /* OpenSans-Italic.ttf */,
				15154EA31C311BF300591866 /* OpenSans-Light.ttf */,
				15154EA41C311BF300591866 /* OpenSans-LightItalic.ttf */,
				15154EA51C311BF300591866 /* OpenSans-Semibold.ttf */,
				15154EA61C311BF300591866 /* OpenSans-SemiboldItalic.ttf */,
				15154EA71C311BF300591866 /* OpenSans-Bold.ttf */,
				15154EA81C311BF300591866 /* OpenSans-Regular.ttf */,
			);
			name = CustomFonts;
			sourceTree = "<group>";
		};
/* End PBXGroup section */

/* Begin PBXNativeTarget section */
		15154E691C311BCD00591866 /* SwiftyCustomFonts */ = {
			isa = PBXNativeTarget;
			buildConfigurationList = 15154E951C311BCD00591866 /* Build configuration list for PBXNativeTarget "SwiftyCustomFonts" */;
			buildPhases = (
				15154E661C311BCD00591866 /* Sources */,
				15154E671C311BCD00591866 /* Frameworks */,
				15154E681C311BCD00591866 /* Resources */,
			);
			buildRules = (
			);
			dependencies = (
			);
			name = SwiftyCustomFonts;
			productName = SwiftyCustomFonts;
			productReference = 15154E6A1C311BCD00591866 /* SwiftyCustomFonts.app */;
			productType = "com.apple.product-type.application";
		};
		15154E801C311BCD00591866 /* SwiftyCustomFontsTests */ = {
			isa = PBXNativeTarget;
			buildConfigurationList = 15154E981C311BCD00591866 /* Build configuration list for PBXNativeTarget "SwiftyCustomFontsTests" */;
			buildPhases = (
				15154E7D1C311BCD00591866 /* Sources */,
				15154E7E1C311BCD00591866 /* Frameworks */,
				15154E7F1C311BCD00591866 /* Resources */,
			);
			buildRules = (
			);
			dependencies = (
				15154E831C311BCD00591866 /* PBXTargetDependency */,
			);
			name = SwiftyCustomFontsTests;
			productName = SwiftyCustomFontsTests;
			productReference = 15154E811C311BCD00591866 /* SwiftyCustomFontsTests.xctest */;
			productType = "com.apple.product-type.bundle.unit-test";
		};
		15154E8B1C311BCD00591866 /* SwiftyCustomFontsUITests */ = {
			isa = PBXNativeTarget;
			buildConfigurationList = 15154E9B1C311BCD00591866 /* Build configuration list for PBXNativeTarget "SwiftyCustomFontsUITests" */;
			buildPhases = (
				15154E881C311BCD00591866 /* Sources */,
				15154E891C311BCD00591866 /* Frameworks */,
				15154E8A1C311BCD00591866 /* Resources */,
			);
			buildRules = (
			);
			dependencies = (
				15154E8E1C311BCD00591866 /* PBXTargetDependency */,
			);
			name = SwiftyCustomFontsUITests;
			productName = SwiftyCustomFontsUITests;
			productReference = 15154E8C1C311BCD00591866 /* SwiftyCustomFontsUITests.xctest */;
			productType = "com.apple.product-type.bundle.ui-testing";
		};
/* End PBXNativeTarget section */

/* Begin PBXProject section */
		15154E621C311BCD00591866 /* Project object */ = {
			isa = PBXProject;
			attributes = {
				LastSwiftUpdateCheck = 0720;
				LastUpgradeCheck = 0720;
				ORGANIZATIONNAME = "Sugam Kalra";
				TargetAttributes = {
					15154E691C311BCD00591866 = {
						CreatedOnToolsVersion = 7.2;
					};
					15154E801C311BCD00591866 = {
						CreatedOnToolsVersion = 7.2;
						TestTargetID = 15154E691C311BCD00591866;
					};
					15154E8B1C311BCD00591866 = {
						CreatedOnToolsVersion = 7.2;
						TestTargetID = 15154E691C311BCD00591866;
					};
				};
			};
			buildConfigurationList = 15154E651C311BCD00591866 /* Build configuration list for PBXProject "SwiftyCustomFonts" */;
			compatibilityVersion = "Xcode 3.2";
			developmentRegion = English;
			hasScannedForEncodings = 0;
			knownRegions = (
				en,
				Base,
			);
			mainGroup = 15154E611C311BCD00591866;
			productRefGroup = 15154E6B1C311BCD00591866 /* Products */;
			projectDirPath = "";
			projectRoot = "";
			targets = (
				15154E691C311BCD00591866 /* SwiftyCustomFonts */,
				15154E801C311BCD00591866 /* SwiftyCustomFontsTests */,
				15154E8B1C311BCD00591866 /* SwiftyCustomFontsUITests */,
			);
		};
/* End PBXProject section */

/* Begin PBXResourcesBuildPhase section */
		15154E681C311BCD00591866 /* Resources */ = {
			isa = PBXResourcesBuildPhase;
			buildActionMask = 2147483647;
			files = (
				15154E7B1C311BCD00591866 /* LaunchScreen.storyboard in Resources */,
				15154EAB1C311BF300591866 /* OpenSans-ExtraBoldItalic.ttf in Resources */,
				15154EB11C311BF300591866 /* OpenSans-Bold.ttf in Resources */,
				15154EAD1C311BF300591866 /* OpenSans-Light.ttf in Resources */,
				15154E781C311BCD00591866 /* Assets.xcassets in Resources */,
				15154EAF1C311BF300591866 /* OpenSans-Semibold.ttf in Resources */,
				15154EA91C311BF300591866 /* OpenSans-BoldItalic.ttf in Resources */,
				15154E731C311BCD00591866 /* Main.storyboard in Resources */,
				15154EAA1C311BF300591866 /* OpenSans-ExtraBold.ttf in Resources */,
				15154EAC1C311BF300591866 /* OpenSans-Italic.ttf in Resources */,
				15154EAE1C311BF300591866 /* OpenSans-LightItalic.ttf in Resources */,
				15154EB21C311BF300591866 /* OpenSans-Regular.ttf in Resources */,
				15154EB01C311BF300591866 /* OpenSans-SemiboldItalic.ttf in Resources */,
			);
			runOnlyForDeploymentPostprocessing = 0;
		};
		15154E7F1C311BCD00591866 /* Resources */ = {
			isa = PBXResourcesBuildPhase;
			buildActionMask = 2147483647;
			files = (
			);
			runOnlyForDeploymentPostprocessing = 0;
		};
		15154E8A1C311BCD00591866 /* Resources */ = {
			isa = PBXResourcesBuildPhase;
			buildActionMask = 2147483647;
			files = (
			);
			runOnlyForDeploymentPostprocessing = 0;
		};
/* End PBXResourcesBuildPhase section */

/* Begin PBXSourcesBuildPhase section */
		15154E661C311BCD00591866 /* Sources */ = {
			isa = PBXSourcesBuildPhase;
			buildActionMask = 2147483647;
			files = (
				15154E701C311BCD00591866 /* ViewController.swift in Sources */,
				15154E6E1C311BCD00591866 /* AppDelegate.swift in Sources */,
				15154E761C311BCD00591866 /* SwiftyCustomFonts.xcdatamodeld in Sources */,
			);
			runOnlyForDeploymentPostprocessing = 0;
		};
		15154E7D1C311BCD00591866 /* Sources */ = {
			isa = PBXSourcesBuildPhase;
			buildActionMask = 2147483647;
			files = (
				15154E861C311BCD00591866 /* SwiftyCustomFontsTests.swift in Sources */,
			);
			runOnlyForDeploymentPostprocessing = 0;
		};
		15154E881C311BCD00591866 /* Sources */ = {
			isa = PBXSourcesBuildPhase;
			buildActionMask = 2147483647;
			files = (
				15154E911C311BCD00591866 /* SwiftyCustomFontsUITests.swift in Sources */,
			);
			runOnlyForDeploymentPostprocessing = 0;
		};
/* End PBXSourcesBuildPhase section */

/* Begin PBXTargetDependency section */
		15154E831C311BCD00591866 /* PBXTargetDependency */ = {
			isa = PBXTargetDependency;
			target = 15154E691C311BCD00591866 /* SwiftyCustomFonts */;
			targetProxy = 15154E821C311BCD00591866 /* PBXContainerItemProxy */;
		};
		15154E8E1C311BCD00591866 /* PBXTargetDependency */ = {
			isa = PBXTargetDependency;
			target = 15154E691C311BCD00591866 /* SwiftyCustomFonts */;
			targetProxy = 15154E8D1C311BCD00591866 /* PBXContainerItemProxy */;
		};
/* End PBXTargetDependency section */

/* Begin PBXVariantGroup section */
		15154E711C311BCD00591866 /* Main.storyboard */ = {
			isa = PBXVariantGroup;
			children = (
				15154E721C311BCD00591866 /* Base */,
			);
			name = Main.storyboard;
			sourceTree = "<group>";
		};
		15154E791C311BCD00591866 /* LaunchScreen.storyboard */ = {
			isa = PBXVariantGroup;
			children = (
				15154E7A1C311BCD00591866 /* Base */,
			);
			name = LaunchScreen.storyboard;
			sourceTree = "<group>";
		};
/* End PBXVariantGroup section */

/* Begin XCBuildConfiguration section */
		15154E931C311BCD00591866 /* Debug */ = {
			isa = XCBuildConfiguration;
			buildSettings = {
				ALWAYS_SEARCH_USER_PATHS = NO;
				CLANG_CXX_LANGUAGE_STANDARD = "gnu++0x";
				CLANG_CXX_LIBRARY = "libc++";
				CLANG_ENABLE_MODULES = YES;
				CLANG_ENABLE_OBJC_ARC = YES;
				CLANG_WARN_BOOL_CONVERSION = YES;
				CLANG_WARN_CONSTANT_CONVERSION = YES;
				CLANG_WARN_DIRECT_OBJC_ISA_USAGE = YES_ERROR;
				CLANG_WARN_EMPTY_BODY = YES;
				CLANG_WARN_ENUM_CONVERSION = YES;
				CLANG_WARN_INT_CONVERSION = YES;
				CLANG_WARN_OBJC_ROOT_CLASS = YES_ERROR;
				CLANG_WARN_UNREACHABLE_CODE = YES;
				CLANG_WARN__DUPLICATE_METHOD_MATCH = YES;
				"CODE_SIGN_IDENTITY[sdk=iphoneos*]" = "iPhone Developer";
				COPY_PHASE_STRIP = NO;
				DEBUG_INFORMATION_FORMAT = dwarf;
				ENABLE_STRICT_OBJC_MSGSEND = YES;
				ENABLE_TESTABILITY = YES;
				GCC_C_LANGUAGE_STANDARD = gnu99;
				GCC_DYNAMIC_NO_PIC = NO;
				GCC_NO_COMMON_BLOCKS = YES;
				GCC_OPTIMIZATION_LEVEL = 0;
				GCC_PREPROCESSOR_DEFINITIONS = (
					"DEBUG=1",
					"$(inherited)",
				);
				GCC_WARN_64_TO_32_BIT_CONVERSION = YES;
				GCC_WARN_ABOUT_RETURN_TYPE = YES_ERROR;
				GCC_WARN_UNDECLARED_SELECTOR = YES;
				GCC_WARN_UNINITIALIZED_AUTOS = YES_AGGRESSIVE;
				GCC_WARN_UNUSED_FUNCTION = YES;
				GCC_WARN_UNUSED_VARIABLE = YES;
				IPHONEOS_DEPLOYMENT_TARGET = 9.2;
				MTL_ENABLE_DEBUG_INFO = YES;
				ONLY_ACTIVE_ARCH = YES;
				SDKROOT = iphoneos;
				SWIFT_OPTIMIZATION_LEVEL = "-Onone";
			};
			name = Debug;
		};
		15154E941C311BCD00591866 /* Release */ = {
			isa = XCBuildConfiguration;
			buildSettings = {
				ALWAYS_SEARCH_USER_PATHS = NO;
				CLANG_CXX_LANGUAGE_STANDARD = "gnu++0x";
				CLANG_CXX_LIBRARY = "libc++";
				CLANG_ENABLE_MODULES = YES;
				CLANG_ENABLE_OBJC_ARC = YES;
				CLANG_WARN_BOOL_CONVERSION = YES;
				CLANG_WARN_CONSTANT_CONVERSION = YES;
				CLANG_WARN_DIRECT_OBJC_ISA_USAGE = YES_ERROR;
				CLANG_WARN_EMPTY_BODY = YES;
				CLANG_WARN_ENUM_CONVERSION = YES;
				CLANG_WARN_INT_CONVERSION = YES;
				CLANG_WARN_OBJC_ROOT_CLASS = YES_ERROR;
				CLANG_WARN_UNREACHABLE_CODE = YES;
				CLANG_WARN__DUPLICATE_METHOD_MATCH = YES;
				"CODE_SIGN_IDENTITY[sdk=iphoneos*]" = "iPhone Developer";
				COPY_PHASE_STRIP = NO;
				DEBUG_INFORMATION_FORMAT = "dwarf-with-dsym";
				ENABLE_NS_ASSERTIONS = NO;
				ENABLE_STRICT_OBJC_MSGSEND = YES;
				GCC_C_LANGUAGE_STANDARD = gnu99;
				GCC_NO_COMMON_BLOCKS = YES;
				GCC_WARN_64_TO_32_BIT_CONVERSION = YES;
				GCC_WARN_ABOUT_RETURN_TYPE = YES_ERROR;
				GCC_WARN_UNDECLARED_SELECTOR = YES;
				GCC_WARN_UNINITIALIZED_AUTOS = YES_AGGRESSIVE;
				GCC_WARN_UNUSED_FUNCTION = YES;
				GCC_WARN_UNUSED_VARIABLE = YES;
				IPHONEOS_DEPLOYMENT_TARGET = 9.2;
				MTL_ENABLE_DEBUG_INFO = NO;
				SDKROOT = iphoneos;
				VALIDATE_PRODUCT = YES;
			};
			name = Release;
		};
		15154E961C311BCD00591866 /* Debug */ = {
			isa = XCBuildConfiguration;
			buildSettings = {
				ASSETCATALOG_COMPILER_APPICON_NAME = AppIcon;
				INFOPLIST_FILE = SwiftyCustomFonts/Info.plist;
				LD_RUNPATH_SEARCH_PATHS = "$(inherited) @executable_path/Frameworks";
				PRODUCT_BUNDLE_IDENTIFIER = com.Appirio.SwiftyCustomFonts;
				PRODUCT_NAME = "$(TARGET_NAME)";
			};
			name = Debug;
		};
		15154E971C311BCD00591866 /* Release */ = {
			isa = XCBuildConfiguration;
			buildSettings = {
				ASSETCATALOG_COMPILER_APPICON_NAME = AppIcon;
				INFOPLIST_FILE = SwiftyCustomFonts/Info.plist;
				LD_RUNPATH_SEARCH_PATHS = "$(inherited) @executable_path/Frameworks";
				PRODUCT_BUNDLE_IDENTIFIER = com.Appirio.SwiftyCustomFonts;
				PRODUCT_NAME = "$(TARGET_NAME)";
			};
			name = Release;
		};
		15154E991C311BCD00591866 /* Debug */ = {
			isa = XCBuildConfiguration;
			buildSettings = {
				BUNDLE_LOADER = "$(TEST_HOST)";
				INFOPLIST_FILE = SwiftyCustomFontsTests/Info.plist;
				LD_RUNPATH_SEARCH_PATHS = "$(inherited) @executable_path/Frameworks @loader_path/Frameworks";
				PRODUCT_BUNDLE_IDENTIFIER = com.Appirio.SwiftyCustomFontsTests;
				PRODUCT_NAME = "$(TARGET_NAME)";
				TEST_HOST = "$(BUILT_PRODUCTS_DIR)/SwiftyCustomFonts.app/SwiftyCustomFonts";
			};
			name = Debug;
		};
		15154E9A1C311BCD00591866 /* Release */ = {
			isa = XCBuildConfiguration;
			buildSettings = {
				BUNDLE_LOADER = "$(TEST_HOST)";
				INFOPLIST_FILE = SwiftyCustomFontsTests/Info.plist;
				LD_RUNPATH_SEARCH_PATHS = "$(inherited) @executable_path/Frameworks @loader_path/Frameworks";
				PRODUCT_BUNDLE_IDENTIFIER = com.Appirio.SwiftyCustomFontsTests;
				PRODUCT_NAME = "$(TARGET_NAME)";
				TEST_HOST = "$(BUILT_PRODUCTS_DIR)/SwiftyCustomFonts.app/SwiftyCustomFonts";
			};
			name = Release;
		};
		15154E9C1C311BCD00591866 /* Debug */ = {
			isa = XCBuildConfiguration;
			buildSettings = {
				INFOPLIST_FILE = SwiftyCustomFontsUITests/Info.plist;
				LD_RUNPATH_SEARCH_PATHS = "$(inherited) @executable_path/Frameworks @loader_path/Frameworks";
				PRODUCT_BUNDLE_IDENTIFIER = com.Appirio.SwiftyCustomFontsUITests;
				PRODUCT_NAME = "$(TARGET_NAME)";
				TEST_TARGET_NAME = SwiftyCustomFonts;
				USES_XCTRUNNER = YES;
			};
			name = Debug;
		};
		15154E9D1C311BCD00591866 /* Release */ = {
			isa = XCBuildConfiguration;
			buildSettings = {
				INFOPLIST_FILE = SwiftyCustomFontsUITests/Info.plist;
				LD_RUNPATH_SEARCH_PATHS = "$(inherited) @executable_path/Frameworks @loader_path/Frameworks";
				PRODUCT_BUNDLE_IDENTIFIER = com.Appirio.SwiftyCustomFontsUITests;
				PRODUCT_NAME = "$(TARGET_NAME)";
				TEST_TARGET_NAME = SwiftyCustomFonts;
				USES_XCTRUNNER = YES;
			};
			name = Release;
		};
/* End XCBuildConfiguration section */

/* Begin XCConfigurationList section */
		15154E651C311BCD00591866 /* Build configuration list for PBXProject "SwiftyCustomFonts" */ = {
			isa = XCConfigurationList;
			buildConfigurations = (
				15154E931C311BCD00591866 /* Debug */,
				15154E941C311BCD00591866 /* Release */,
			);
			defaultConfigurationIsVisible = 0;
			defaultConfigurationName = Release;
		};
		15154E951C311BCD00591866 /* Build configuration list for PBXNativeTarget "SwiftyCustomFonts" */ = {
			isa = XCConfigurationList;
			buildConfigurations = (
				15154E961C311BCD00591866 /* Debug */,
				15154E971C311BCD00591866 /* Release */,
			);
			defaultConfigurationIsVisible = 0;
		};
		15154E981C311BCD00591866 /* Build configuration list for PBXNativeTarget "SwiftyCustomFontsTests" */ = {
			isa = XCConfigurationList;
			buildConfigurations = (
				15154E991C311BCD00591866 /* Debug */,
				15154E9A1C311BCD00591866 /* Release */,
			);
			defaultConfigurationIsVisible = 0;
		};
		15154E9B1C311BCD00591866 /* Build configuration list for PBXNativeTarget "SwiftyCustomFontsUITests" */ = {
			isa = XCConfigurationList;
			buildConfigurations = (
				15154E9C1C311BCD00591866 /* Debug */,
				15154E9D1C311BCD00591866 /* Release */,
			);
			defaultConfigurationIsVisible = 0;
		};
/* End XCConfigurationList section */

/* Begin XCVersionGroup section */
		15154E741C311BCD00591866 /* SwiftyCustomFonts.xcdatamodeld */ = {
			isa = XCVersionGroup;
			children = (
				15154E751C311BCD00591866 /* SwiftyCustomFonts.xcdatamodel */,
			);
			currentVersion = 15154E751C311BCD00591866 /* SwiftyCustomFonts.xcdatamodel */;
			path = SwiftyCustomFonts.xcdatamodeld;
			sourceTree = "<group>";
			versionGroupType = wrapper.xcdatamodel;
		};
/* End XCVersionGroup section */
	};
	rootObject = 15154E621C311BCD00591866 /* Project object */;
}
